
Microsoft Visual Studio Solution File, Format Version 12.00
# Visual Studio 15
VisualStudioVersion = 15.0.28307.1500
MinimumVisualStudioVersion = 10.0.40219.1
Project("{FAE04EC0-301F-11D3-BF4B-00C04F79EFBC}") = "RestAPITests", "RestAPITests\RestAPITests.csproj", "{CA0BA465-6171-49F5-B0BF-F3CC06A148B2}"
EndProject
Global
	GlobalSection(SolutionConfigurationPlatforms) = preSolution
		Debug|Any CPU = Debug|Any CPU
		Release|Any CPU = Release|Any CPU
	EndGlobalSection
	GlobalSection(ProjectConfigurationPlatforms) = postSolution
		{CA0BA465-6171-49F5-B0BF-F3CC06A148B2}.Debug|Any CPU.ActiveCfg = Debug|Any CPU
		{CA0BA465-6171-49F5-B0BF-F3CC06A148B2}.Debug|Any CPU.Build.0 = Debug|Any CPU
		{CA0BA465-6171-49F5-B0BF-F3CC06A148B2}.Release|Any CPU.ActiveCfg = Release|Any CPU
		{CA0BA465-6171-49F5-B0BF-F3CC06A148B2}.Release|Any CPU.Build.0 = Release|Any CPU
	EndGlobalSection
	GlobalSection(SolutionProperties) = preSolution
		HideSolutionNode = FALSE
	EndGlobalSection
	GlobalSection(ExtensibilityGlobals) = postSolution
		SolutionGuid = {E4320873-3126-41B4-94D3-DB86F15DA62F}
	EndGlobalSection
EndGlobal
